{
  "name": "Asian-Cultural-Experiences-Map",
  "lockfileVersion": 3,
  "requires": true,
  "packages": {
    "": {
      "dependencies": {
        "@capacitor/core": "^7.4.4",
        "@capacitor/geolocation": "^7.1.5",
        "@capacitor/google-maps": "^7.2.0"
      }
    },
    "node_modules/@capacitor/core": {
      "version": "7.4.4",
      "resolved": "https://registry.npmjs.org/@capacitor/core/-/core-7.4.4.tgz",
      "integrity": "sha512-xzjxpr+d2zwTpCaN0k+C6wKSZzWFAb9OVEUtmO72ihjr/NEDoLvsGl4WLfjWPcCO2zOy0b2X52tfRWjECFUjtw==",
      "license": "MIT",
      "peer": true,
      "dependencies": {
        "tslib": "^2.1.0"
      }
    },
    "node_modules/@capacitor/geolocation": {
      "version": "7.1.5",
      "resolved": "https://registry.npmjs.org/@capacitor/geolocation/-/geolocation-7.1.5.tgz",
      "integrity": "sha512-ndfFI4Hd1JF3aYcehtM+PHlP+PqTQZOVzxKupbMqzocDEwF1SCkr2gcO8yZ0NeFvyVdw1jRjOpHXZZUNQRV2sA==",
      "license": "MIT",
      "dependencies": {
        "@capacitor/synapse": "^1.0.3"
      },
      "peerDependencies": {
        "@capacitor/core": ">=7.0.0"
      }
    },
    "node_modules/@capacitor/google-maps": {
      "version": "7.2.0",
      "resolved": "https://registry.npmjs.org/@capacitor/google-maps/-/google-maps-7.2.0.tgz",
      "integrity": "sha512-b62OEoAHMrjxVM2x0kNgab1szanadHSVV0t5unPmSmeKZjCrqwd3/xFWx13lFtP4gJTiZQAtSn4XKhtYcsceWg==",
      "license": "MIT",
      "dependencies": {
        "@googlemaps/js-api-loader": "~1.16.8",
        "@googlemaps/markerclusterer": "~2.5.3",
        "@types/google.maps": "~3.58.1"
      },
      "peerDependencies": {
        "@capacitor/core": ">=7.0.0"
      }
    },
    "node_modules/@capacitor/synapse": {
      "version": "1.0.4",
      "resolved": "https://registry.npmjs.org/@capacitor/synapse/-/synapse-1.0.4.tgz",
      "integrity": "sha512-/C1FUo8/OkKuAT4nCIu/34ny9siNHr9qtFezu4kxm6GY1wNFxrCFWjfYx5C1tUhVGz3fxBABegupkpjXvjCHrw==",
      "license": "ISC"
    },
    "node_modules/@googlemaps/js-api-loader": {
      "version": "1.16.10",
      "resolved": "https://registry.npmjs.org/@googlemaps/js-api-loader/-/js-api-loader-1.16.10.tgz",
      "integrity": "sha512-c2erv2k7P2ilYzMmtYcMgAR21AULosQuUHJbStnrvRk2dG93k5cqptDrh9A8p+ZNlyhiqEOgHW7N9PAizdUM7Q==",
      "license": "Apache-2.0"
    },
    "node_modules/@googlemaps/markerclusterer": {
      "version": "2.5.3",
      "resolved": "https://registry.npmjs.org/@googlemaps/markerclusterer/-/markerclusterer-2.5.3.tgz",
      "integrity": "sha512-x7lX0R5yYOoiNectr10wLgCBasNcXFHiADIBdmn7jQllF2B5ENQw5XtZK+hIw4xnV0Df0xhN4LN98XqA5jaiOw==",
      "license": "Apache-2.0",
      "dependencies": {
        "fast-deep-equal": "^3.1.3",
        "supercluster": "^8.0.1"
      }
    },
    "node_modules/@types/google.maps": {
      "version": "3.58.1",
      "resolved": "https://registry.npmjs.org/@types/google.maps/-/google.maps-3.58.1.tgz",
      "integrity": "sha512-X9QTSvGJ0nCfMzYOnaVs/k6/4L+7F5uCS+4iUmkLEls6J9S/Phv+m/i3mDeyc49ZBgwab3EFO1HEoBY7k98EGQ==",
      "license": "MIT"
    },
    "node_modules/fast-deep-equal": {
      "version": "3.1.3",
      "resolved": "https://registry.npmjs.org/fast-deep-equal/-/fast-deep-equal-3.1.3.tgz",
      "integrity": "sha512-f3qQ9oQy9j2AhBe/H9VC91wLmKBCCU/gDOnKNAYG5hswO7BLKj09Hc5HYNz9cGI++xlpDCIgDaitVs03ATR84Q==",
      "license": "MIT"
    },
    "node_modules/kdbush": {
      "version": "4.0.2",
      "resolved": "https://registry.npmjs.org/kdbush/-/kdbush-4.0.2.tgz",
      "integrity": "sha512-WbCVYJ27Sz8zi9Q7Q0xHC+05iwkm3Znipc2XTlrnJbsHMYktW4hPhXUE8Ys1engBrvffoSCqbil1JQAa7clRpA==",
      "license": "ISC"
    },
    "node_modules/supercluster": {
      "version": "8.0.1",
      "resolved": "https://registry.npmjs.org/supercluster/-/supercluster-8.0.1.tgz",
      "integrity": "sha512-IiOea5kJ9iqzD2t7QJq/cREyLHTtSmUT6gQsweojg9WH2sYJqZK9SswTu6jrscO6D1G5v5vYZ9ru/eq85lXeZQ==",
      "license": "ISC",
      "dependencies": {
        "kdbush": "^4.0.2"
      }
    },
    "node_modules/tslib": {
      "version": "2.8.1",
      "resolved": "https://registry.npmjs.org/tslib/-/tslib-2.8.1.tgz",
      "integrity": "sha512-oJFu94HQb+KVduSUQL7wnpmqnfmLsOA/nAh6b6EH0wCEoK0/mPeXU6c3wKDV83MkOuHPRHtSXKKU99IBazS/2w==",
      "license": "0BSD"
    }
  }
}
